
Microsoft Visual Studio Solution File, Format Version 12.00
# Visual Studio Version 17
VisualStudioVersion = 17.2.32630.192
MinimumVisualStudioVersion = 10.0.40219.1
Project("{FAE04EC0-301F-11D3-BF4B-00C04F79EFBC}") = "ContosoPizza", "ContosoPizza\ContosoPizza.csproj", "{2E92DD79-5F2D-4D89-863A-4577721A21CA}"
EndProject
Global
	GlobalSection(SolutionConfigurationPlatforms) = preSolution
		Debug|Any CPU = Debug|Any CPU
		Release|Any CPU = Release|Any CPU
	EndGlobalSection
	GlobalSection(ProjectConfigurationPlatforms) = postSolution
		{2E92DD79-5F2D-4D89-863A-4577721A21CA}.Debug|Any CPU.ActiveCfg = Debug|Any CPU
		{2E92DD79-5F2D-4D89-863A-4577721A21CA}.Debug|Any CPU.Build.0 = Debug|Any CPU
		{2E92DD79-5F2D-4D89-863A-4577721A21CA}.Release|Any CPU.ActiveCfg = Release|Any CPU
		{2E92DD79-5F2D-4D89-863A-4577721A21CA}.Release|Any CPU.Build.0 = Release|Any CPU
	EndGlobalSection
	GlobalSection(SolutionProperties) = preSolution
		HideSolutionNode = FALSE
	EndGlobalSection
	GlobalSection(ExtensibilityGlobals) = postSolution
		SolutionGuid = {826ED2CD-7035-495B-8839-3BDBE1D4A050}
	EndGlobalSection
EndGlobal
